
Microsoft Visual Studio Solution File, Format Version 12.00
# Visual Studio 2013
VisualStudioVersion = 12.0.31101.0
MinimumVisualStudioVersion = 10.0.40219.1
Project("{2150E333-8FDC-42A3-9474-1A3956D46DE8}") = "1 - Presentation", "1 - Presentation", "{8BADB68D-53C9-4B16-8F09-B62E994EFCBF}"
EndProject
Project("{2150E333-8FDC-42A3-9474-1A3956D46DE8}") = "2 - Business", "2 - Business", "{597017CF-B648-465F-BA94-1F8F765E96BC}"
EndProject
Project("{2150E333-8FDC-42A3-9474-1A3956D46DE8}") = "3 - ORM", "3 - ORM", "{FA827C02-2766-4202-9B60-2FFEF3D20480}"
EndProject
Project("{2150E333-8FDC-42A3-9474-1A3956D46DE8}") = "4 - NoSQL", "4 - NoSQL", "{F232DFDC-8360-4C61-9A45-DAC907E7D143}"
EndProject
Project("{2150E333-8FDC-42A3-9474-1A3956D46DE8}") = "5 - Tools", "5 - Tools", "{35EB0DD0-1A2C-48CB-9208-02297ADFD1F2}"
EndProject
Project("{2150E333-8FDC-42A3-9474-1A3956D46DE8}") = "6 - HtmlParser", "6 - HtmlParser", "{BEB75EB2-54FC-4FC4-8C00-1D1A2678A154}"
EndProject
Project("{FAE04EC0-301F-11D3-BF4B-00C04F79EFBC}") = "NetUtility", "Tools\NetUtility\NetUtility.csproj", "{C3253C08-942A-47C3-9D3F-68C82313E986}"
EndProject
Project("{FAE04EC0-301F-11D3-BF4B-00C04F79EFBC}") = "Study.Infrastructure", "Tools\Study.Infrastructure\Study.Infrastructure.csproj", "{AB0C6638-2AD3-4B93-9E7F-A0A8CC3F91D3}"
EndProject
Project("{FAE04EC0-301F-11D3-BF4B-00C04F79EFBC}") = "HtmlAgilityPack", "Html\Parser\HtmlAgilityPack\HtmlAgilityPack.csproj", "{193BB801-054F-4729-9D5D-FCE1E32594BF}"
EndProject
Project("{FAE04EC0-301F-11D3-BF4B-00C04F79EFBC}") = "Study.HtmlAgilityPack.Core", "Html\Parser\Study.HtmlAgilityPack.Core\Study.HtmlAgilityPack.Core.csproj", "{B8AB0DF8-8B6D-4DF8-9FF4-AA8C2F30D56F}"
EndProject
Project("{FAE04EC0-301F-11D3-BF4B-00C04F79EFBC}") = "MongoDB", "NoSQL\MongoDB\MongoDB.csproj", "{B125BBA6-BFFD-44FA-9254-9B1754CD8AF3}"
EndProject
Project("{FAE04EC0-301F-11D3-BF4B-00C04F79EFBC}") = "Study.MongoDB.Core", "NoSQL\Study.MongoDB.Core\Study.MongoDB.Core.csproj", "{CF19A7C6-5757-4836-BEE0-A6AD48184278}"
EndProject
Project("{FAE04EC0-301F-11D3-BF4B-00C04F79EFBC}") = "Study.NoSQL.Mongodb", "NoSQL\Study.NoSQL.Mongodb\Study.NoSQL.Mongodb.csproj", "{A202E9F2-E98B-46C5-B9B0-CB42AF48328C}"
EndProject
Project("{FAE04EC0-301F-11D3-BF4B-00C04F79EFBC}") = "Study.NoSQL.MongoDB.Test", "NoSQL\Study.NoSQL.MongoDB.Test\Study.NoSQL.MongoDB.Test.csproj", "{C9A1B25B-F637-44D3-B271-9783C8D71338}"
EndProject
Project("{FAE04EC0-301F-11D3-BF4B-00C04F79EFBC}") = "MyBatis.Common", "ORM\MyBatis.Net\MyBatis.Common\MyBatis.Common.csproj", "{3120646D-7DF1-46A7-A516-15602C509E0B}"
EndProject
Project("{FAE04EC0-301F-11D3-BF4B-00C04F79EFBC}") = "MyBatis.DataMapper", "ORM\MyBatis.Net\MyBatis.DataMapper\MyBatis.DataMapper.csproj", "{4C8DA439-2F2B-455D-8876-166FA37C868D}"
EndProject
Project("{FAE04EC0-301F-11D3-BF4B-00C04F79EFBC}") = "Study.MyBatis", "ORM\Study.MyBatis\Study.MyBatis.csproj", "{DBEF33B2-F18A-4980-BA75-D47108B55CE0}"
EndProject
Project("{FAE04EC0-301F-11D3-BF4B-00C04F79EFBC}") = "Study.Entity", "Business\Study.Entity\Study.Entity.csproj", "{F08F27DD-2AB6-4B74-8E93-7739E77E8D7F}"
EndProject
Project("{FAE04EC0-301F-11D3-BF4B-00C04F79EFBC}") = "Study.Business", "Business\Study.Business\Study.Business.csproj", "{ABB35307-1B7D-475C-AC30-51D40C8CD031}"
EndProject
Project("{FAE04EC0-301F-11D3-BF4B-00C04F79EFBC}") = "Study.WebApp", "UI\Study.WebApp\Study.WebApp.csproj", "{3758BDC0-4317-4886-984F-CA4A28849E01}"
EndProject
Project("{FAE04EC0-301F-11D3-BF4B-00C04F79EFBC}") = "Study.Report.jqPlot", "UI\Study.Report.jqPlot\Study.Report.jqPlot.csproj", "{69517419-AF00-48C8-8E94-873B72E947C5}"
EndProject
Project("{FAE04EC0-301F-11D3-BF4B-00C04F79EFBC}") = "Study.Ext", "UI\Study.Ext\Study.Ext.csproj", "{34F727AE-6938-4FB9-A7A0-9DF203E84D06}"
EndProject
Project("{FAE04EC0-301F-11D3-BF4B-00C04F79EFBC}") = "Study.DevExpressForm", "UI\Study.DevExpressForm\Study.DevExpressForm.csproj", "{55D5DB5D-1597-47DB-960D-6F47FB102757}"
EndProject
Project("{FAE04EC0-301F-11D3-BF4B-00C04F79EFBC}") = "Study.DevExpress", "UI\Study.DevExpress\Study.DevExpress.csproj", "{85A7B068-0EDB-4CCE-8E23-1BAF51B4CB53}"
EndProject
Project("{FAE04EC0-301F-11D3-BF4B-00C04F79EFBC}") = "IBatisQueryGenerator", "UI\IBatisQueryGenerator\WindowsApplication01\IBatisQueryGenerator.csproj", "{142F2954-15B5-4CA7-A0F7-D79CEDF796B7}"
EndProject
Project("{FAE04EC0-301F-11D3-BF4B-00C04F79EFBC}") = "MongoDB.GridFS", "NoSQL\MongoDB.GridFS\MongoDB.GridFS.csproj", "{B42DBBF9-0A1F-4749-9787-013BF8D8F435}"
EndProject
Global
	GlobalSection(SolutionConfigurationPlatforms) = preSolution
		Debug|Any CPU = Debug|Any CPU
		Release|Any CPU = Release|Any CPU
	EndGlobalSection
	GlobalSection(ProjectConfigurationPlatforms) = postSolution
		{C3253C08-942A-47C3-9D3F-68C82313E986}.Debug|Any CPU.ActiveCfg = Debug|Any CPU
		{C3253C08-942A-47C3-9D3F-68C82313E986}.Debug|Any CPU.Build.0 = Debug|Any CPU
		{C3253C08-942A-47C3-9D3F-68C82313E986}.Release|Any CPU.ActiveCfg = Release|Any CPU
		{C3253C08-942A-47C3-9D3F-68C82313E986}.Release|Any CPU.Build.0 = Release|Any CPU
		{AB0C6638-2AD3-4B93-9E7F-A0A8CC3F91D3}.Debug|Any CPU.ActiveCfg = Debug|Any CPU
		{AB0C6638-2AD3-4B93-9E7F-A0A8CC3F91D3}.Debug|Any CPU.Build.0 = Debug|Any CPU
		{AB0C6638-2AD3-4B93-9E7F-A0A8CC3F91D3}.Release|Any CPU.ActiveCfg = Release|Any CPU
		{AB0C6638-2AD3-4B93-9E7F-A0A8CC3F91D3}.Release|Any CPU.Build.0 = Release|Any CPU
		{193BB801-054F-4729-9D5D-FCE1E32594BF}.Debug|Any CPU.ActiveCfg = Debug|Any CPU
		{193BB801-054F-4729-9D5D-FCE1E32594BF}.Debug|Any CPU.Build.0 = Debug|Any CPU
		{193BB801-054F-4729-9D5D-FCE1E32594BF}.Release|Any CPU.ActiveCfg = Release|Any CPU
		{193BB801-054F-4729-9D5D-FCE1E32594BF}.Release|Any CPU.Build.0 = Release|Any CPU
		{B8AB0DF8-8B6D-4DF8-9FF4-AA8C2F30D56F}.Debug|Any CPU.ActiveCfg = Debug|Any CPU
		{B8AB0DF8-8B6D-4DF8-9FF4-AA8C2F30D56F}.Debug|Any CPU.Build.0 = Debug|Any CPU
		{B8AB0DF8-8B6D-4DF8-9FF4-AA8C2F30D56F}.Release|Any CPU.ActiveCfg = Release|Any CPU
		{B8AB0DF8-8B6D-4DF8-9FF4-AA8C2F30D56F}.Release|Any CPU.Build.0 = Release|Any CPU
		{B125BBA6-BFFD-44FA-9254-9B1754CD8AF3}.Debug|Any CPU.ActiveCfg = Debug|Any CPU
		{B125BBA6-BFFD-44FA-9254-9B1754CD8AF3}.Debug|Any CPU.Build.0 = Debug|Any CPU
		{B125BBA6-BFFD-44FA-9254-9B1754CD8AF3}.Release|Any CPU.ActiveCfg = Release|Any CPU
		{B125BBA6-BFFD-44FA-9254-9B1754CD8AF3}.Release|Any CPU.Build.0 = Release|Any CPU
		{CF19A7C6-5757-4836-BEE0-A6AD48184278}.Debug|Any CPU.ActiveCfg = Debug|Any CPU
		{CF19A7C6-5757-4836-BEE0-A6AD48184278}.Debug|Any CPU.Build.0 = Debug|Any CPU
		{CF19A7C6-5757-4836-BEE0-A6AD48184278}.Release|Any CPU.ActiveCfg = Release|Any CPU
		{CF19A7C6-5757-4836-BEE0-A6AD48184278}.Release|Any CPU.Build.0 = Release|Any CPU
		{A202E9F2-E98B-46C5-B9B0-CB42AF48328C}.Debug|Any CPU.ActiveCfg = Debug|Any CPU
		{A202E9F2-E98B-46C5-B9B0-CB42AF48328C}.Debug|Any CPU.Build.0 = Debug|Any CPU
		{A202E9F2-E98B-46C5-B9B0-CB42AF48328C}.Release|Any CPU.ActiveCfg = Release|Any CPU
		{A202E9F2-E98B-46C5-B9B0-CB42AF48328C}.Release|Any CPU.Build.0 = Release|Any CPU
		{C9A1B25B-F637-44D3-B271-9783C8D71338}.Debug|Any CPU.ActiveCfg = Debug|Any CPU
		{C9A1B25B-F637-44D3-B271-9783C8D71338}.Debug|Any CPU.Build.0 = Debug|Any CPU
		{C9A1B25B-F637-44D3-B271-9783C8D71338}.Release|Any CPU.ActiveCfg = Release|Any CPU
		{C9A1B25B-F637-44D3-B271-9783C8D71338}.Release|Any CPU.Build.0 = Release|Any CPU
		{3120646D-7DF1-46A7-A516-15602C509E0B}.Debug|Any CPU.ActiveCfg = Debug|Any CPU
		{3120646D-7DF1-46A7-A516-15602C509E0B}.Debug|Any CPU.Build.0 = Debug|Any CPU
		{3120646D-7DF1-46A7-A516-15602C509E0B}.Release|Any CPU.ActiveCfg = Release|Any CPU
		{3120646D-7DF1-46A7-A516-15602C509E0B}.Release|Any CPU.Build.0 = Release|Any CPU
		{4C8DA439-2F2B-455D-8876-166FA37C868D}.Debug|Any CPU.ActiveCfg = Debug|Any CPU
		{4C8DA439-2F2B-455D-8876-166FA37C868D}.Debug|Any CPU.Build.0 = Debug|Any CPU
		{4C8DA439-2F2B-455D-8876-166FA37C868D}.Release|Any CPU.ActiveCfg = Release|Any CPU
		{4C8DA439-2F2B-455D-8876-166FA37C868D}.Release|Any CPU.Build.0 = Release|Any CPU
		{DBEF33B2-F18A-4980-BA75-D47108B55CE0}.Debug|Any CPU.ActiveCfg = Debug|Any CPU
		{DBEF33B2-F18A-4980-BA75-D47108B55CE0}.Debug|Any CPU.Build.0 = Debug|Any CPU
		{DBEF33B2-F18A-4980-BA75-D47108B55CE0}.Release|Any CPU.ActiveCfg = Release|Any CPU
		{DBEF33B2-F18A-4980-BA75-D47108B55CE0}.Release|Any CPU.Build.0 = Release|Any CPU
		{F08F27DD-2AB6-4B74-8E93-7739E77E8D7F}.Debug|Any CPU.ActiveCfg = Debug|Any CPU
		{F08F27DD-2AB6-4B74-8E93-7739E77E8D7F}.Debug|Any CPU.Build.0 = Debug|Any CPU
		{F08F27DD-2AB6-4B74-8E93-7739E77E8D7F}.Release|Any CPU.ActiveCfg = Release|Any CPU
		{F08F27DD-2AB6-4B74-8E93-7739E77E8D7F}.Release|Any CPU.Build.0 = Release|Any CPU
		{ABB35307-1B7D-475C-AC30-51D40C8CD031}.Debug|Any CPU.ActiveCfg = Debug|Any CPU
		{ABB35307-1B7D-475C-AC30-51D40C8CD031}.Debug|Any CPU.Build.0 = Debug|Any CPU
		{ABB35307-1B7D-475C-AC30-51D40C8CD031}.Release|Any CPU.ActiveCfg = Release|Any CPU
		{ABB35307-1B7D-475C-AC30-51D40C8CD031}.Release|Any CPU.Build.0 = Release|Any CPU
		{3758BDC0-4317-4886-984F-CA4A28849E01}.Debug|Any CPU.ActiveCfg = Debug|Any CPU
		{3758BDC0-4317-4886-984F-CA4A28849E01}.Debug|Any CPU.Build.0 = Debug|Any CPU
		{3758BDC0-4317-4886-984F-CA4A28849E01}.Release|Any CPU.ActiveCfg = Release|Any CPU
		{3758BDC0-4317-4886-984F-CA4A28849E01}.Release|Any CPU.Build.0 = Release|Any CPU
		{69517419-AF00-48C8-8E94-873B72E947C5}.Debug|Any CPU.ActiveCfg = Debug|Any CPU
		{69517419-AF00-48C8-8E94-873B72E947C5}.Debug|Any CPU.Build.0 = Debug|Any CPU
		{69517419-AF00-48C8-8E94-873B72E947C5}.Release|Any CPU.ActiveCfg = Release|Any CPU
		{69517419-AF00-48C8-8E94-873B72E947C5}.Release|Any CPU.Build.0 = Release|Any CPU
		{34F727AE-6938-4FB9-A7A0-9DF203E84D06}.Debug|Any CPU.ActiveCfg = Debug|Any CPU
		{34F727AE-6938-4FB9-A7A0-9DF203E84D06}.Debug|Any CPU.Build.0 = Debug|Any CPU
		{34F727AE-6938-4FB9-A7A0-9DF203E84D06}.Release|Any CPU.ActiveCfg = Release|Any CPU
		{34F727AE-6938-4FB9-A7A0-9DF203E84D06}.Release|Any CPU.Build.0 = Release|Any CPU
		{55D5DB5D-1597-47DB-960D-6F47FB102757}.Debug|Any CPU.ActiveCfg = Debug|Any CPU
		{55D5DB5D-1597-47DB-960D-6F47FB102757}.Debug|Any CPU.Build.0 = Debug|Any CPU
		{55D5DB5D-1597-47DB-960D-6F47FB102757}.Release|Any CPU.ActiveCfg = Release|Any CPU
		{55D5DB5D-1597-47DB-960D-6F47FB102757}.Release|Any CPU.Build.0 = Release|Any CPU
		{85A7B068-0EDB-4CCE-8E23-1BAF51B4CB53}.Debug|Any CPU.ActiveCfg = Debug|Any CPU
		{85A7B068-0EDB-4CCE-8E23-1BAF51B4CB53}.Debug|Any CPU.Build.0 = Debug|Any CPU
		{85A7B068-0EDB-4CCE-8E23-1BAF51B4CB53}.Release|Any CPU.ActiveCfg = Release|Any CPU
		{85A7B068-0EDB-4CCE-8E23-1BAF51B4CB53}.Release|Any CPU.Build.0 = Release|Any CPU
		{142F2954-15B5-4CA7-A0F7-D79CEDF796B7}.Debug|Any CPU.ActiveCfg = Debug|Any CPU
		{142F2954-15B5-4CA7-A0F7-D79CEDF796B7}.Debug|Any CPU.Build.0 = Debug|Any CPU
		{142F2954-15B5-4CA7-A0F7-D79CEDF796B7}.Release|Any CPU.ActiveCfg = Release|Any CPU
		{142F2954-15B5-4CA7-A0F7-D79CEDF796B7}.Release|Any CPU.Build.0 = Release|Any CPU
		{B42DBBF9-0A1F-4749-9787-013BF8D8F435}.Debug|Any CPU.ActiveCfg = Debug|Any CPU
		{B42DBBF9-0A1F-4749-9787-013BF8D8F435}.Debug|Any CPU.Build.0 = Debug|Any CPU
		{B42DBBF9-0A1F-4749-9787-013BF8D8F435}.Release|Any CPU.ActiveCfg = Release|Any CPU
		{B42DBBF9-0A1F-4749-9787-013BF8D8F435}.Release|Any CPU.Build.0 = Release|Any CPU
	EndGlobalSection
	GlobalSection(SolutionProperties) = preSolution
		HideSolutionNode = FALSE
	EndGlobalSection
	GlobalSection(NestedProjects) = preSolution
		{C3253C08-942A-47C3-9D3F-68C82313E986} = {35EB0DD0-1A2C-48CB-9208-02297ADFD1F2}
		{AB0C6638-2AD3-4B93-9E7F-A0A8CC3F91D3} = {35EB0DD0-1A2C-48CB-9208-02297ADFD1F2}
		{193BB801-054F-4729-9D5D-FCE1E32594BF} = {BEB75EB2-54FC-4FC4-8C00-1D1A2678A154}
		{B8AB0DF8-8B6D-4DF8-9FF4-AA8C2F30D56F} = {BEB75EB2-54FC-4FC4-8C00-1D1A2678A154}
		{B125BBA6-BFFD-44FA-9254-9B1754CD8AF3} = {F232DFDC-8360-4C61-9A45-DAC907E7D143}
		{CF19A7C6-5757-4836-BEE0-A6AD48184278} = {F232DFDC-8360-4C61-9A45-DAC907E7D143}
		{A202E9F2-E98B-46C5-B9B0-CB42AF48328C} = {F232DFDC-8360-4C61-9A45-DAC907E7D143}
		{C9A1B25B-F637-44D3-B271-9783C8D71338} = {F232DFDC-8360-4C61-9A45-DAC907E7D143}
		{3120646D-7DF1-46A7-A516-15602C509E0B} = {FA827C02-2766-4202-9B60-2FFEF3D20480}
		{4C8DA439-2F2B-455D-8876-166FA37C868D} = {FA827C02-2766-4202-9B60-2FFEF3D20480}
		{DBEF33B2-F18A-4980-BA75-D47108B55CE0} = {FA827C02-2766-4202-9B60-2FFEF3D20480}
		{F08F27DD-2AB6-4B74-8E93-7739E77E8D7F} = {597017CF-B648-465F-BA94-1F8F765E96BC}
		{ABB35307-1B7D-475C-AC30-51D40C8CD031} = {597017CF-B648-465F-BA94-1F8F765E96BC}
		{3758BDC0-4317-4886-984F-CA4A28849E01} = {8BADB68D-53C9-4B16-8F09-B62E994EFCBF}
		{69517419-AF00-48C8-8E94-873B72E947C5} = {8BADB68D-53C9-4B16-8F09-B62E994EFCBF}
		{34F727AE-6938-4FB9-A7A0-9DF203E84D06} = {8BADB68D-53C9-4B16-8F09-B62E994EFCBF}
		{55D5DB5D-1597-47DB-960D-6F47FB102757} = {8BADB68D-53C9-4B16-8F09-B62E994EFCBF}
		{85A7B068-0EDB-4CCE-8E23-1BAF51B4CB53} = {8BADB68D-53C9-4B16-8F09-B62E994EFCBF}
		{142F2954-15B5-4CA7-A0F7-D79CEDF796B7} = {8BADB68D-53C9-4B16-8F09-B62E994EFCBF}
		{B42DBBF9-0A1F-4749-9787-013BF8D8F435} = {F232DFDC-8360-4C61-9A45-DAC907E7D143}
	EndGlobalSection
EndGlobal
